
Microsoft Visual Studio Solution File, Format Version 12.00
# Visual Studio Version 16
VisualStudioVersion = 16.0.33927.289
MinimumVisualStudioVersion = 10.0.40219.1
Project("{2150E333-8FDC-42A3-9474-1A3956D46DE8}") = "Task4", "Task4", "{3CA959E7-8E0F-4BF1-8933-47D17AD949FD}"
EndProject
Project("{2150E333-8FDC-42A3-9474-1A3956D46DE8}") = "Task5", "Task5", "{F1611A0C-0E8E-4C4D-939B-5724F4B41DB6}"
EndProject
Project("{2150E333-8FDC-42A3-9474-1A3956D46DE8}") = "Task6", "Task6", "{53294C2A-735C-4E4D-A614-A9D139A43C74}"
EndProject
Project("{2150E333-8FDC-42A3-9474-1A3956D46DE8}") = "Task7", "Task7", "{771EF4FD-754C-4105-945A-128BF81C2736}"
EndProject
Project("{FAE04EC0-301F-11D3-BF4B-00C04F79EFBC}") = "Tyuiu.HodakovaNA.Sprint3.Task4.V17", "Tyuiu.HodakovaNA.Sprint3.Task4.V17\Tyuiu.HodakovaNA.Sprint3.Task4.V17.csproj", "{0B2B12E3-DF5F-4C10-B1A3-8493DFF37EDC}"
EndProject
Project("{FAE04EC0-301F-11D3-BF4B-00C04F79EFBC}") = "Tyuiu.HodakovaNA.Sprint3.Task4.V17.Lib", "Tyuiu.HodakovaNA.Sprint3.Task4.V17.Lib\Tyuiu.HodakovaNA.Sprint3.Task4.V17.Lib.csproj", "{0D1A7DD8-E6C1-4B67-9E73-A517C9709081}"
EndProject
Project("{FAE04EC0-301F-11D3-BF4B-00C04F79EFBC}") = "Tyuiu.HodakovaNA.Sprint3.Task4.V17.Test", "Tyuiu.HodakovaNA.Sprint3.Task4.V17.Test\Tyuiu.HodakovaNA.Sprint3.Task4.V17.Test.csproj", "{8FB5949A-D404-48F1-B589-FE9FDA3698CF}"
EndProject
Project("{FAE04EC0-301F-11D3-BF4B-00C04F79EFBC}") = "Tyuiu.HodakovaNA.Sprint3.Task5.V1", "Tyuiu.HodakovaNA.Sprint3.Task5.V1\Tyuiu.HodakovaNA.Sprint3.Task5.V1.csproj", "{25E210F1-6827-4B8B-8100-418AAEB61BF6}"
EndProject
Project("{FAE04EC0-301F-11D3-BF4B-00C04F79EFBC}") = "Tyuiu.HodakovaNA.Sprint3.Task5.V1.Lib", "Tyuiu.HodakovaNA.Sprint3.Task5.V1.Lib\Tyuiu.HodakovaNA.Sprint3.Task5.V1.Lib.csproj", "{701E5AA3-CB4C-46A9-818D-14B138A5BB1A}"
EndProject
Project("{FAE04EC0-301F-11D3-BF4B-00C04F79EFBC}") = "Tyuiu.HodakovaNA.Sprint3.Task5.V1.Test", "Tyuiu.HodakovaNA.Sprint3.Task5.V1.Test\Tyuiu.HodakovaNA.Sprint3.Task5.V1.Test.csproj", "{786BD7A6-B17A-4571-A699-167E2C5D7E07}"
EndProject
Project("{FAE04EC0-301F-11D3-BF4B-00C04F79EFBC}") = "Tyuiu.HodakovaNA.Sprint3.Task6.V29", "Tyuiu.HodakovaNA.Sprint3.Task6.V29\Tyuiu.HodakovaNA.Sprint3.Task6.V29.csproj", "{95BD9CCD-45B9-4ABF-889B-2DDC85F3D687}"
EndProject
Project("{FAE04EC0-301F-11D3-BF4B-00C04F79EFBC}") = "Tyuiu.HodakovaNA.Sprint3.Task6.V29.Lib", "Tyuiu.HodakovaNA.Sprint3.Task6.V29.Lib\Tyuiu.HodakovaNA.Sprint3.Task6.V29.Lib.csproj", "{56863DFF-CF2C-4610-A9E7-72EC33FA6100}"
EndProject
Project("{FAE04EC0-301F-11D3-BF4B-00C04F79EFBC}") = "Tyuiu.HodakovaNA.Sprint3.Task6.V29.Test", "Tyuiu.HodakovaNA.Sprint3.Task6.V29.Test\Tyuiu.HodakovaNA.Sprint3.Task6.V29.Test.csproj", "{2D18BEBE-4CD7-4725-8197-6DA8D58722AF}"
EndProject
Project("{FAE04EC0-301F-11D3-BF4B-00C04F79EFBC}") = "Tyuiu.HodakovaNA.Sprint3.Task7.V9", "Tyuiu.HodakovaNA.Sprint3.Task7.V9\Tyuiu.HodakovaNA.Sprint3.Task7.V9.csproj", "{450184C0-2C35-4235-B162-A2CB77770248}"
EndProject
Project("{FAE04EC0-301F-11D3-BF4B-00C04F79EFBC}") = "Tyuiu.HodakovaNA.Sprint3.Task7.V9.Lib", "Tyuiu.HodakovaNA.Sprint3.Task7.V9.Lib\Tyuiu.HodakovaNA.Sprint3.Task7.V9.Lib.csproj", "{0739ACA7-AB4A-4EEF-9033-43863D25970B}"
EndProject
Project("{FAE04EC0-301F-11D3-BF4B-00C04F79EFBC}") = "Tyuiu.HodakovaNA.Sprint3.Task7.V9.Test", "Tyuiu.HodakovaNA.Sprint3.Task7.V9.Test\Tyuiu.HodakovaNA.Sprint3.Task7.V9.Test.csproj", "{D97DB9C0-069B-4B56-876A-A4FF6C1BFFBB}"
EndProject
Global
	GlobalSection(SolutionConfigurationPlatforms) = preSolution
		Debug|Any CPU = Debug|Any CPU
		Release|Any CPU = Release|Any CPU
	EndGlobalSection
	GlobalSection(ProjectConfigurationPlatforms) = postSolution
		{0B2B12E3-DF5F-4C10-B1A3-8493DFF37EDC}.Debug|Any CPU.ActiveCfg = Debug|Any CPU
		{0B2B12E3-DF5F-4C10-B1A3-8493DFF37EDC}.Debug|Any CPU.Build.0 = Debug|Any CPU
		{0B2B12E3-DF5F-4C10-B1A3-8493DFF37EDC}.Release|Any CPU.ActiveCfg = Release|Any CPU
		{0B2B12E3-DF5F-4C10-B1A3-8493DFF37EDC}.Release|Any CPU.Build.0 = Release|Any CPU
		{0D1A7DD8-E6C1-4B67-9E73-A517C9709081}.Debug|Any CPU.ActiveCfg = Debug|Any CPU
		{0D1A7DD8-E6C1-4B67-9E73-A517C9709081}.Debug|Any CPU.Build.0 = Debug|Any CPU
		{0D1A7DD8-E6C1-4B67-9E73-A517C9709081}.Release|Any CPU.ActiveCfg = Release|Any CPU
		{0D1A7DD8-E6C1-4B67-9E73-A517C9709081}.Release|Any CPU.Build.0 = Release|Any CPU
		{8FB5949A-D404-48F1-B589-FE9FDA3698CF}.Debug|Any CPU.ActiveCfg = Debug|Any CPU
		{8FB5949A-D404-48F1-B589-FE9FDA3698CF}.Debug|Any CPU.Build.0 = Debug|Any CPU
		{8FB5949A-D404-48F1-B589-FE9FDA3698CF}.Release|Any CPU.ActiveCfg = Release|Any CPU
		{8FB5949A-D404-48F1-B589-FE9FDA3698CF}.Release|Any CPU.Build.0 = Release|Any CPU
		{25E210F1-6827-4B8B-8100-418AAEB61BF6}.Debug|Any CPU.ActiveCfg = Debug|Any CPU
		{25E210F1-6827-4B8B-8100-418AAEB61BF6}.Debug|Any CPU.Build.0 = Debug|Any CPU
		{25E210F1-6827-4B8B-8100-418AAEB61BF6}.Release|Any CPU.ActiveCfg = Release|Any CPU
		{25E210F1-6827-4B8B-8100-418AAEB61BF6}.Release|Any CPU.Build.0 = Release|Any CPU
		{701E5AA3-CB4C-46A9-818D-14B138A5BB1A}.Debug|Any CPU.ActiveCfg = Debug|Any CPU
		{701E5AA3-CB4C-46A9-818D-14B138A5BB1A}.Debug|Any CPU.Build.0 = Debug|Any CPU
		{701E5AA3-CB4C-46A9-818D-14B138A5BB1A}.Release|Any CPU.ActiveCfg = Release|Any CPU
		{701E5AA3-CB4C-46A9-818D-14B138A5BB1A}.Release|Any CPU.Build.0 = Release|Any CPU
		{786BD7A6-B17A-4571-A699-167E2C5D7E07}.Debug|Any CPU.ActiveCfg = Debug|Any CPU
		{786BD7A6-B17A-4571-A699-167E2C5D7E07}.Debug|Any CPU.Build.0 = Debug|Any CPU
		{786BD7A6-B17A-4571-A699-167E2C5D7E07}.Release|Any CPU.ActiveCfg = Release|Any CPU
		{786BD7A6-B17A-4571-A699-167E2C5D7E07}.Release|Any CPU.Build.0 = Release|Any CPU
		{95BD9CCD-45B9-4ABF-889B-2DDC85F3D687}.Debug|Any CPU.ActiveCfg = Debug|Any CPU
		{95BD9CCD-45B9-4ABF-889B-2DDC85F3D687}.Debug|Any CPU.Build.0 = Debug|Any CPU
		{95BD9CCD-45B9-4ABF-889B-2DDC85F3D687}.Release|Any CPU.ActiveCfg = Release|Any CPU
		{95BD9CCD-45B9-4ABF-889B-2DDC85F3D687}.Release|Any CPU.Build.0 = Release|Any CPU
		{56863DFF-CF2C-4610-A9E7-72EC33FA6100}.Debug|Any CPU.ActiveCfg = Debug|Any CPU
		{56863DFF-CF2C-4610-A9E7-72EC33FA6100}.Debug|Any CPU.Build.0 = Debug|Any CPU
		{56863DFF-CF2C-4610-A9E7-72EC33FA6100}.Release|Any CPU.ActiveCfg = Release|Any CPU
		{56863DFF-CF2C-4610-A9E7-72EC33FA6100}.Release|Any CPU.Build.0 = Release|Any CPU
		{2D18BEBE-4CD7-4725-8197-6DA8D58722AF}.Debug|Any CPU.ActiveCfg = Debug|Any CPU
		{2D18BEBE-4CD7-4725-8197-6DA8D58722AF}.Debug|Any CPU.Build.0 = Debug|Any CPU
		{2D18BEBE-4CD7-4725-8197-6DA8D58722AF}.Release|Any CPU.ActiveCfg = Release|Any CPU
		{2D18BEBE-4CD7-4725-8197-6DA8D58722AF}.Release|Any CPU.Build.0 = Release|Any CPU
		{450184C0-2C35-4235-B162-A2CB77770248}.Debug|Any CPU.ActiveCfg = Debug|Any CPU
		{450184C0-2C35-4235-B162-A2CB77770248}.Debug|Any CPU.Build.0 = Debug|Any CPU
		{450184C0-2C35-4235-B162-A2CB77770248}.Release|Any CPU.ActiveCfg = Release|Any CPU
		{450184C0-2C35-4235-B162-A2CB77770248}.Release|Any CPU.Build.0 = Release|Any CPU
		{0739ACA7-AB4A-4EEF-9033-43863D25970B}.Debug|Any CPU.ActiveCfg = Debug|Any CPU
		{0739ACA7-AB4A-4EEF-9033-43863D25970B}.Debug|Any CPU.Build.0 = Debug|Any CPU
		{0739ACA7-AB4A-4EEF-9033-43863D25970B}.Release|Any CPU.ActiveCfg = Release|Any CPU
		{0739ACA7-AB4A-4EEF-9033-43863D25970B}.Release|Any CPU.Build.0 = Release|Any CPU
		{D97DB9C0-069B-4B56-876A-A4FF6C1BFFBB}.Debug|Any CPU.ActiveCfg = Debug|Any CPU
		{D97DB9C0-069B-4B56-876A-A4FF6C1BFFBB}.Debug|Any CPU.Build.0 = Debug|Any CPU
		{D97DB9C0-069B-4B56-876A-A4FF6C1BFFBB}.Release|Any CPU.ActiveCfg = Release|Any CPU
		{D97DB9C0-069B-4B56-876A-A4FF6C1BFFBB}.Release|Any CPU.Build.0 = Release|Any CPU
	EndGlobalSection
	GlobalSection(SolutionProperties) = preSolution
		HideSolutionNode = FALSE
	EndGlobalSection
	GlobalSection(NestedProjects) = preSolution
		{0B2B12E3-DF5F-4C10-B1A3-8493DFF37EDC} = {3CA959E7-8E0F-4BF1-8933-47D17AD949FD}
		{0D1A7DD8-E6C1-4B67-9E73-A517C9709081} = {3CA959E7-8E0F-4BF1-8933-47D17AD949FD}
		{8FB5949A-D404-48F1-B589-FE9FDA3698CF} = {3CA959E7-8E0F-4BF1-8933-47D17AD949FD}
		{25E210F1-6827-4B8B-8100-418AAEB61BF6} = {F1611A0C-0E8E-4C4D-939B-5724F4B41DB6}
		{701E5AA3-CB4C-46A9-818D-14B138A5BB1A} = {F1611A0C-0E8E-4C4D-939B-5724F4B41DB6}
		{786BD7A6-B17A-4571-A699-167E2C5D7E07} = {F1611A0C-0E8E-4C4D-939B-5724F4B41DB6}
		{95BD9CCD-45B9-4ABF-889B-2DDC85F3D687} = {53294C2A-735C-4E4D-A614-A9D139A43C74}
		{56863DFF-CF2C-4610-A9E7-72EC33FA6100} = {53294C2A-735C-4E4D-A614-A9D139A43C74}
		{2D18BEBE-4CD7-4725-8197-6DA8D58722AF} = {53294C2A-735C-4E4D-A614-A9D139A43C74}
		{450184C0-2C35-4235-B162-A2CB77770248} = {771EF4FD-754C-4105-945A-128BF81C2736}
		{0739ACA7-AB4A-4EEF-9033-43863D25970B} = {771EF4FD-754C-4105-945A-128BF81C2736}
		{D97DB9C0-069B-4B56-876A-A4FF6C1BFFBB} = {771EF4FD-754C-4105-945A-128BF81C2736}
	EndGlobalSection
	GlobalSection(ExtensibilityGlobals) = postSolution
		SolutionGuid = {5457D04E-31DB-47D6-B418-10F7335A9C98}
	EndGlobalSection
EndGlobal
